
Microsoft Visual Studio Solution File, Format Version 12.00
# Visual Studio Version 17
VisualStudioVersion = 17.8.34728.176
MinimumVisualStudioVersion = 10.0.40219.1
Project("{FAE04EC0-301F-11D3-BF4B-00C04F79EFBC}") = "cursoImpacta", "cursoImpacta.csproj", "{3BEBEED9-6E88-44E0-9DF9-DE67CA76F1AD}"
EndProject
Global
	GlobalSection(SolutionConfigurationPlatforms) = preSolution
		Debug|Any CPU = Debug|Any CPU
		Release|Any CPU = Release|Any CPU
	EndGlobalSection
	GlobalSection(ProjectConfigurationPlatforms) = postSolution
		{3BEBEED9-6E88-44E0-9DF9-DE67CA76F1AD}.Debug|Any CPU.ActiveCfg = Debug|Any CPU
		{3BEBEED9-6E88-44E0-9DF9-DE67CA76F1AD}.Debug|Any CPU.Build.0 = Debug|Any CPU
		{3BEBEED9-6E88-44E0-9DF9-DE67CA76F1AD}.Release|Any CPU.ActiveCfg = Release|Any CPU
		{3BEBEED9-6E88-44E0-9DF9-DE67CA76F1AD}.Release|Any CPU.Build.0 = Release|Any CPU
	EndGlobalSection
	GlobalSection(SolutionProperties) = preSolution
		HideSolutionNode = FALSE
	EndGlobalSection
	GlobalSection(ExtensibilityGlobals) = postSolution
		SolutionGuid = {93FBEEEF-113D-4EDD-B69A-06D480D7173C}
	EndGlobalSection
EndGlobal
