
Microsoft Visual Studio Solution File, Format Version 12.00
# Visual Studio Version 17
VisualStudioVersion = 17.9.34728.123
MinimumVisualStudioVersion = 10.0.40219.1
Project("{FAE04EC0-301F-11D3-BF4B-00C04F79EFBC}") = "impacta-Projeto02", "impacta-Projeto02\impacta-Projeto02.csproj", "{3E2D9E74-F89F-40F6-BC7A-A2D9973D1374}"
EndProject
Global
	GlobalSection(SolutionConfigurationPlatforms) = preSolution
		Debug|Any CPU = Debug|Any CPU
		Release|Any CPU = Release|Any CPU
	EndGlobalSection
	GlobalSection(ProjectConfigurationPlatforms) = postSolution
		{3E2D9E74-F89F-40F6-BC7A-A2D9973D1374}.Debug|Any CPU.ActiveCfg = Debug|Any CPU
		{3E2D9E74-F89F-40F6-BC7A-A2D9973D1374}.Debug|Any CPU.Build.0 = Debug|Any CPU
		{3E2D9E74-F89F-40F6-BC7A-A2D9973D1374}.Release|Any CPU.ActiveCfg = Release|Any CPU
		{3E2D9E74-F89F-40F6-BC7A-A2D9973D1374}.Release|Any CPU.Build.0 = Release|Any CPU
	EndGlobalSection
	GlobalSection(SolutionProperties) = preSolution
		HideSolutionNode = FALSE
	EndGlobalSection
	GlobalSection(ExtensibilityGlobals) = postSolution
		SolutionGuid = {E8FFE081-ABCB-4595-A486-3D16B88319B5}
	EndGlobalSection
EndGlobal
